
Microsoft Visual Studio Solution File, Format Version 12.00
# Visual Studio Version 17
VisualStudioVersion = 17.8.34330.188
MinimumVisualStudioVersion = 10.0.40219.1
Project("{FAE04EC0-301F-11D3-BF4B-00C04F79EFBC}") = "ZegarGit.Android", "ZegarGit\ZegarGit.Android\ZegarGit.Android.csproj", "{2EAF6A83-0F4B-463F-AD30-0C7BE8664C5D}"
EndProject
Project("{FAE04EC0-301F-11D3-BF4B-00C04F79EFBC}") = "ZegarGit", "ZegarGit\ZegarGit\ZegarGit.csproj", "{2E89389F-A0F3-4D1D-8E57-921F4DEF62C6}"
EndProject
Global
	GlobalSection(SolutionConfigurationPlatforms) = preSolution
		Debug|Any CPU = Debug|Any CPU
		Release|Any CPU = Release|Any CPU
	EndGlobalSection
	GlobalSection(ProjectConfigurationPlatforms) = postSolution
		{2EAF6A83-0F4B-463F-AD30-0C7BE8664C5D}.Debug|Any CPU.ActiveCfg = Debug|Any CPU
		{2EAF6A83-0F4B-463F-AD30-0C7BE8664C5D}.Debug|Any CPU.Build.0 = Debug|Any CPU
		{2EAF6A83-0F4B-463F-AD30-0C7BE8664C5D}.Debug|Any CPU.Deploy.0 = Debug|Any CPU
		{2EAF6A83-0F4B-463F-AD30-0C7BE8664C5D}.Release|Any CPU.ActiveCfg = Release|Any CPU
		{2EAF6A83-0F4B-463F-AD30-0C7BE8664C5D}.Release|Any CPU.Build.0 = Release|Any CPU
		{2EAF6A83-0F4B-463F-AD30-0C7BE8664C5D}.Release|Any CPU.Deploy.0 = Release|Any CPU
		{2E89389F-A0F3-4D1D-8E57-921F4DEF62C6}.Debug|Any CPU.ActiveCfg = Debug|Any CPU
		{2E89389F-A0F3-4D1D-8E57-921F4DEF62C6}.Debug|Any CPU.Build.0 = Debug|Any CPU
		{2E89389F-A0F3-4D1D-8E57-921F4DEF62C6}.Debug|Any CPU.Deploy.0 = Debug|Any CPU
		{2E89389F-A0F3-4D1D-8E57-921F4DEF62C6}.Release|Any CPU.ActiveCfg = Release|Any CPU
		{2E89389F-A0F3-4D1D-8E57-921F4DEF62C6}.Release|Any CPU.Build.0 = Release|Any CPU
		{2E89389F-A0F3-4D1D-8E57-921F4DEF62C6}.Release|Any CPU.Deploy.0 = Release|Any CPU
	EndGlobalSection
	GlobalSection(SolutionProperties) = preSolution
		HideSolutionNode = FALSE
	EndGlobalSection
	GlobalSection(ExtensibilityGlobals) = postSolution
		SolutionGuid = {29DF308A-CC4D-4F09-8322-3816CB07763D}
	EndGlobalSection
EndGlobal
